
Microsoft Visual Studio Solution File, Format Version 12.00
# Visual Studio Version 16
VisualStudioVersion = 16.0.31605.320
MinimumVisualStudioVersion = 10.0.40219.1
Project("{9A19103F-16F7-4668-BE54-9A1E7A4F7556}") = "FishMonitoringConsole", "FishMonitoringConsole\FishMonitoringConsole.csproj", "{5C55AD1A-4FE2-4B20-8D65-289A13181A16}"
EndProject
Project("{FAE04EC0-301F-11D3-BF4B-00C04F79EFBC}") = "FishMonitoringWeb", "FishMonitoringWeb\FishMonitoringWeb.csproj", "{05790B05-B88C-43AB-9FBD-3AF03C4BC13D}"
EndProject
Project("{FAE04EC0-301F-11D3-BF4B-00C04F79EFBC}") = "FormHandle", "FormHandle\FormHandle.csproj", "{0D103F43-1081-45D7-A941-83F0E1A3EC42}"
EndProject
Global
	GlobalSection(SolutionConfigurationPlatforms) = preSolution
		Debug|Any CPU = Debug|Any CPU
		Release|Any CPU = Release|Any CPU
	EndGlobalSection
	GlobalSection(ProjectConfigurationPlatforms) = postSolution
		{5C55AD1A-4FE2-4B20-8D65-289A13181A16}.Debug|Any CPU.ActiveCfg = Debug|Any CPU
		{5C55AD1A-4FE2-4B20-8D65-289A13181A16}.Debug|Any CPU.Build.0 = Debug|Any CPU
		{5C55AD1A-4FE2-4B20-8D65-289A13181A16}.Release|Any CPU.ActiveCfg = Release|Any CPU
		{5C55AD1A-4FE2-4B20-8D65-289A13181A16}.Release|Any CPU.Build.0 = Release|Any CPU
		{05790B05-B88C-43AB-9FBD-3AF03C4BC13D}.Debug|Any CPU.ActiveCfg = Debug|Any CPU
		{05790B05-B88C-43AB-9FBD-3AF03C4BC13D}.Debug|Any CPU.Build.0 = Debug|Any CPU
		{05790B05-B88C-43AB-9FBD-3AF03C4BC13D}.Release|Any CPU.ActiveCfg = Release|Any CPU
		{05790B05-B88C-43AB-9FBD-3AF03C4BC13D}.Release|Any CPU.Build.0 = Release|Any CPU
		{0D103F43-1081-45D7-A941-83F0E1A3EC42}.Debug|Any CPU.ActiveCfg = Debug|Any CPU
		{0D103F43-1081-45D7-A941-83F0E1A3EC42}.Debug|Any CPU.Build.0 = Debug|Any CPU
		{0D103F43-1081-45D7-A941-83F0E1A3EC42}.Release|Any CPU.ActiveCfg = Release|Any CPU
		{0D103F43-1081-45D7-A941-83F0E1A3EC42}.Release|Any CPU.Build.0 = Release|Any CPU
	EndGlobalSection
	GlobalSection(SolutionProperties) = preSolution
		HideSolutionNode = FALSE
	EndGlobalSection
	GlobalSection(ExtensibilityGlobals) = postSolution
		SolutionGuid = {3BE6D157-562C-4251-95BB-62C04BFCD419}
	EndGlobalSection
EndGlobal
